
Microsoft Visual Studio Solution File, Format Version 12.00
# Visual Studio 14
VisualStudioVersion = 14.0.25420.1
MinimumVisualStudioVersion = 10.0.40219.1
Project("{FAE04EC0-301F-11D3-BF4B-00C04F79EFBC}") = "Serilog.Sinks.Xamarin.Droid", "src\Serilog.Sinks.Xamarin.Droid\Serilog.Sinks.Xamarin.Droid.csproj", "{129D844D-273B-4E51-904B-2BD8169427DF}"
EndProject
Project("{FAE04EC0-301F-11D3-BF4B-00C04F79EFBC}") = "Serilog.Sinks.Xamarin.iOS", "src\Serilog.Sinks.Xamarin.iOS\Serilog.Sinks.Xamarin.iOS.csproj", "{7E96D14B-2224-4EB9-B26B-6306D225024F}"
EndProject
Global
	GlobalSection(SolutionConfigurationPlatforms) = preSolution
		Debug|Any CPU = Debug|Any CPU
		Release|Any CPU = Release|Any CPU
	EndGlobalSection
	GlobalSection(ProjectConfigurationPlatforms) = postSolution
		{129D844D-273B-4E51-904B-2BD8169427DF}.Debug|Any CPU.ActiveCfg = Debug|Any CPU
		{129D844D-273B-4E51-904B-2BD8169427DF}.Debug|Any CPU.Build.0 = Debug|Any CPU
		{129D844D-273B-4E51-904B-2BD8169427DF}.Release|Any CPU.ActiveCfg = Release|Any CPU
		{129D844D-273B-4E51-904B-2BD8169427DF}.Release|Any CPU.Build.0 = Release|Any CPU
		{7E96D14B-2224-4EB9-B26B-6306D225024F}.Debug|Any CPU.ActiveCfg = Debug|Any CPU
		{7E96D14B-2224-4EB9-B26B-6306D225024F}.Debug|Any CPU.Build.0 = Debug|Any CPU
		{7E96D14B-2224-4EB9-B26B-6306D225024F}.Release|Any CPU.ActiveCfg = Release|Any CPU
		{7E96D14B-2224-4EB9-B26B-6306D225024F}.Release|Any CPU.Build.0 = Release|Any CPU
	EndGlobalSection
	GlobalSection(SolutionProperties) = preSolution
		HideSolutionNode = FALSE
	EndGlobalSection
EndGlobal
