Microsoft Visual Studio Solution File, Format Version 12.00
# Visual Studio Version 17
VisualStudioVersion = 17.3.32708.82
MinimumVisualStudioVersion = 10.0.40219.1
Project("{2150E333-8FDC-42A3-9474-1A3956D46DE8}") = ".solution", ".solution", "{D0A9316F-8F65-4C36-9FF4-EAE8E65EC005}"
	ProjectSection(SolutionItems) = preProject
		.gitignore = .gitignore
		CHANGES.md = CHANGES.md
		global.json = global.json
		LICENSE = LICENSE
		README.md = README.md
		src\Serilog.Sinks.Xamarin.nuspec = src\Serilog.Sinks.Xamarin.nuspec
	EndProjectSection
EndProject
Project("{2150E333-8FDC-42A3-9474-1A3956D46DE8}") = ".build", ".build", "{322FD05A-A274-4AF2-99CA-BCCB0B4400F5}"
	ProjectSection(SolutionItems) = preProject
		appveyor.yml = appveyor.yml
		Build.ps1 = Build.ps1
	EndProjectSection
EndProject
Project("{9A19103F-16F7-4668-BE54-9A1E7A4F7556}") = "Serilog.Sinks.Xamarin", "src\Serilog.Sinks.Xamarin\Serilog.Sinks.Xamarin.csproj", "{717384AC-F5BC-44BE-92B0-CC7DAF50CB8A}"
EndProject
Global
	GlobalSection(SolutionConfigurationPlatforms) = preSolution
		Debug|Any CPU = Debug|Any CPU
		Release|Any CPU = Release|Any CPU
	EndGlobalSection
	GlobalSection(ProjectConfigurationPlatforms) = postSolution
		{717384AC-F5BC-44BE-92B0-CC7DAF50CB8A}.Debug|Any CPU.ActiveCfg = Debug|Any CPU
		{717384AC-F5BC-44BE-92B0-CC7DAF50CB8A}.Debug|Any CPU.Build.0 = Debug|Any CPU
		{717384AC-F5BC-44BE-92B0-CC7DAF50CB8A}.Release|Any CPU.ActiveCfg = Release|Any CPU
		{717384AC-F5BC-44BE-92B0-CC7DAF50CB8A}.Release|Any CPU.Build.0 = Release|Any CPU
	EndGlobalSection
	GlobalSection(SolutionProperties) = preSolution
		HideSolutionNode = FALSE
	EndGlobalSection
	GlobalSection(ExtensibilityGlobals) = postSolution
		SolutionGuid = {37019599-01BF-43D7-BE49-21A7A56EC8E2}
	EndGlobalSection
EndGlobal
